# Generated by buf. DO NOT EDIT.
version: v1
deps:
  - remote: buf.build
    owner: cosmos
    repository: cosmos-proto
    commit: 1935555c206d4afb9e94615dfd0fad31
    digest: shake256:c74d91a3ac7ae07d579e90eee33abf9b29664047ac8816500cf22c081fec0d72d62c89ce0bebafc1f6fec7aa5315be72606717740ca95007248425102c365377
  - remote: buf.build
    owner: cosmos
    repository: cosmos-sdk
    commit: e7a85cef453e4b999ad9aff8714ae05f
    digest: shake256:bc5f340b60991981d8aabefcc9c706780e25fa0d3ab7e1d9a3e75559f45c80038a913d05aa51928ad8dfebeee75feea1dc6e0e7a6311302e60c42fb3596ee262
  - remote: buf.build
    owner: cosmos
    repository: gogo-proto
    commit: 34d970b699f84aa382f3c29773a60836
    digest: shake256:3d3bee5229ba579e7d19ffe6e140986a228b48a8c7fe74348f308537ab95e9135210e81812489d42cd8941d33ff71f11583174ccc5972e86e6112924b6ce9f04
  - remote: buf.build
    owner: cosmos
    repository: ibc
    commit: 7ab44ae956a0488ea04e04511efa5f70
    digest: shake256:95cc5472ddf692d23654b7e5adfd79149469dcc90657f9a1f80ee3fea8af639cff59cd849efca0567d270118eea7c7ff2f7e60c562545bace410b8eece27577e
  - remote: buf.build
    owner: cosmos
    repository: ics23
    commit: 55085f7c710a45f58fa09947208eb70b
    digest: shake256:9bf0bc495b5a11c88d163d39ef521bc4b00bc1374a05758c91d82821bdc61f09e8c2c51dda8452529bf80137f34d852561eacbe9550a59015d51cecb0dacb628
  - remote: buf.build
    owner: googleapis
    repository: googleapis
    commit: 75b4300737fb4efca0831636be94e517
    digest: shake256:d865f55b8ceb838c90c28b09894ab43d07f42551108c23760004a6a4e28fe24d3a1f7380a3c9278edb329a338a9cc5db8ad9f394de548e70d534e98504972d67
